
Microsoft Visual Studio Solution File, Format Version 12.00
# Visual Studio 15
VisualStudioVersion = 15.0.28307.438
MinimumVisualStudioVersion = 10.0.40219.1
Project("{FAE04EC0-301F-11D3-BF4B-00C04F79EFBC}") = "ConsoleApp1", "ConsoleApp1\ConsoleApp1.csproj", "{8C7CEEC1-2089-4B1C-8C69-43D85669C18B}"
EndProject
Project("{FAE04EC0-301F-11D3-BF4B-00C04F79EFBC}") = "ClassLibrary1", "ClassLibrary1\ClassLibrary1.csproj", "{2E2D601D-0B20-4520-A944-0ECE4BCF49E5}"
EndProject
Global
	GlobalSection(SolutionConfigurationPlatforms) = preSolution
		Debug|Any CPU = Debug|Any CPU
		Release|Any CPU = Release|Any CPU
	EndGlobalSection
	GlobalSection(ProjectConfigurationPlatforms) = postSolution
		{8C7CEEC1-2089-4B1C-8C69-43D85669C18B}.Debug|Any CPU.ActiveCfg = Debug|Any CPU
		{8C7CEEC1-2089-4B1C-8C69-43D85669C18B}.Debug|Any CPU.Build.0 = Debug|Any CPU
		{8C7CEEC1-2089-4B1C-8C69-43D85669C18B}.Release|Any CPU.ActiveCfg = Release|Any CPU
		{8C7CEEC1-2089-4B1C-8C69-43D85669C18B}.Release|Any CPU.Build.0 = Release|Any CPU
		{2E2D601D-0B20-4520-A944-0ECE4BCF49E5}.Debug|Any CPU.ActiveCfg = Debug|Any CPU
		{2E2D601D-0B20-4520-A944-0ECE4BCF49E5}.Debug|Any CPU.Build.0 = Debug|Any CPU
		{2E2D601D-0B20-4520-A944-0ECE4BCF49E5}.Release|Any CPU.ActiveCfg = Release|Any CPU
		{2E2D601D-0B20-4520-A944-0ECE4BCF49E5}.Release|Any CPU.Build.0 = Release|Any CPU
	EndGlobalSection
	GlobalSection(SolutionProperties) = preSolution
		HideSolutionNode = FALSE
	EndGlobalSection
	GlobalSection(ExtensibilityGlobals) = postSolution
		SolutionGuid = {A120B280-3378-4E2B-9B5D-CFF6FA34A673}
	EndGlobalSection
EndGlobal
